
Microsoft Visual Studio Solution File, Format Version 12.00
# Visual Studio Version 17
VisualStudioVersion = 17.11.35327.3
MinimumVisualStudioVersion = 10.0.40219.1
Project("{FAE04EC0-301F-11D3-BF4B-00C04F79EFBC}") = "ConsoleApp", "ConsoleApp\ConsoleApp.csproj", "{0541AB23-D267-4FF1-A7B1-952191236344}"
EndProject
Project("{FAE04EC0-301F-11D3-BF4B-00C04F79EFBC}") = "NewConsoleApp", "NewConsoleApp\NewConsoleApp.csproj", "{C3C6F56B-50F9-408F-B098-FA96F3208345}"
EndProject
Global
	GlobalSection(SolutionConfigurationPlatforms) = preSolution
		Debug|Any CPU = Debug|Any CPU
		Release|Any CPU = Release|Any CPU
	EndGlobalSection
	GlobalSection(ProjectConfigurationPlatforms) = postSolution
		{0541AB23-D267-4FF1-A7B1-952191236344}.Debug|Any CPU.ActiveCfg = Debug|Any CPU
		{0541AB23-D267-4FF1-A7B1-952191236344}.Debug|Any CPU.Build.0 = Debug|Any CPU
		{0541AB23-D267-4FF1-A7B1-952191236344}.Release|Any CPU.ActiveCfg = Release|Any CPU
		{0541AB23-D267-4FF1-A7B1-952191236344}.Release|Any CPU.Build.0 = Release|Any CPU
		{C3C6F56B-50F9-408F-B098-FA96F3208345}.Debug|Any CPU.ActiveCfg = Debug|Any CPU
		{C3C6F56B-50F9-408F-B098-FA96F3208345}.Debug|Any CPU.Build.0 = Debug|Any CPU
		{C3C6F56B-50F9-408F-B098-FA96F3208345}.Release|Any CPU.ActiveCfg = Release|Any CPU
		{C3C6F56B-50F9-408F-B098-FA96F3208345}.Release|Any CPU.Build.0 = Release|Any CPU
	EndGlobalSection
	GlobalSection(SolutionProperties) = preSolution
		HideSolutionNode = FALSE
	EndGlobalSection
	GlobalSection(ExtensibilityGlobals) = postSolution
		SolutionGuid = {0D243DE7-3A64-4DFC-B92A-111927628701}
	EndGlobalSection
EndGlobal
